
Microsoft Visual Studio Solution File, Format Version 12.00
# Visual Studio 15
VisualStudioVersion = 15.0.28307.1300
MinimumVisualStudioVersion = 10.0.40219.1
Project("{FAE04EC0-301F-11D3-BF4B-00C04F79EFBC}") = "PharmaceuticalsCompany", "PharmaceuticalsCompany\PharmaceuticalsCompany.csproj", "{C8D4277F-3E25-437D-BB5E-EA97739E65D0}"
EndProject
Global
	GlobalSection(SolutionConfigurationPlatforms) = preSolution
		Debug|Any CPU = Debug|Any CPU
		Release|Any CPU = Release|Any CPU
	EndGlobalSection
	GlobalSection(ProjectConfigurationPlatforms) = postSolution
		{C8D4277F-3E25-437D-BB5E-EA97739E65D0}.Debug|Any CPU.ActiveCfg = Debug|Any CPU
		{C8D4277F-3E25-437D-BB5E-EA97739E65D0}.Debug|Any CPU.Build.0 = Debug|Any CPU
		{C8D4277F-3E25-437D-BB5E-EA97739E65D0}.Release|Any CPU.ActiveCfg = Release|Any CPU
		{C8D4277F-3E25-437D-BB5E-EA97739E65D0}.Release|Any CPU.Build.0 = Release|Any CPU
	EndGlobalSection
	GlobalSection(SolutionProperties) = preSolution
		HideSolutionNode = FALSE
	EndGlobalSection
	GlobalSection(ExtensibilityGlobals) = postSolution
		SolutionGuid = {C5A06615-031D-4D9A-A1B1-63471B43FE87}
	EndGlobalSection
EndGlobal
